
Microsoft Visual Studio Solution File, Format Version 12.00
# Visual Studio Version 17
VisualStudioVersion = 17.4.33122.133
MinimumVisualStudioVersion = 10.0.40219.1
Project("{FAE04EC0-301F-11D3-BF4B-00C04F79EFBC}") = "Tryitter", "Tryitter\Tryitter.csproj", "{890BE729-8174-4C69-954F-FDFF476B64A7}"
EndProject
Global
	GlobalSection(SolutionConfigurationPlatforms) = preSolution
		Debug|Any CPU = Debug|Any CPU
		Release|Any CPU = Release|Any CPU
	EndGlobalSection
	GlobalSection(ProjectConfigurationPlatforms) = postSolution
		{890BE729-8174-4C69-954F-FDFF476B64A7}.Debug|Any CPU.ActiveCfg = Debug|Any CPU
		{890BE729-8174-4C69-954F-FDFF476B64A7}.Debug|Any CPU.Build.0 = Debug|Any CPU
		{890BE729-8174-4C69-954F-FDFF476B64A7}.Release|Any CPU.ActiveCfg = Release|Any CPU
		{890BE729-8174-4C69-954F-FDFF476B64A7}.Release|Any CPU.Build.0 = Release|Any CPU
	EndGlobalSection
	GlobalSection(SolutionProperties) = preSolution
		HideSolutionNode = FALSE
	EndGlobalSection
	GlobalSection(ExtensibilityGlobals) = postSolution
		SolutionGuid = {92DE914E-2532-4104-AFED-A5754E7F0920}
	EndGlobalSection
EndGlobal
